
Microsoft Visual Studio Solution File, Format Version 12.00
Project("{FAE04EC0-301F-11D3-BF4B-00C04F79EFBC}") = "GatewayService", "GatewayService\GatewayService.csproj", "{D47F9942-2BE7-4E27-8549-1233DEB5645F}"
EndProject
Project("{FAE04EC0-301F-11D3-BF4B-00C04F79EFBC}") = "UserManagementService", "UserManagementService\UserManagementService.csproj", "{6F248F0F-F2C4-4D30-836D-27B0FB2CEF81}"
EndProject
Global
	GlobalSection(SolutionConfigurationPlatforms) = preSolution
		Debug|Any CPU = Debug|Any CPU
		Release|Any CPU = Release|Any CPU
	EndGlobalSection
	GlobalSection(ProjectConfigurationPlatforms) = postSolution
		{D47F9942-2BE7-4E27-8549-1233DEB5645F}.Debug|Any CPU.ActiveCfg = Debug|Any CPU
		{D47F9942-2BE7-4E27-8549-1233DEB5645F}.Debug|Any CPU.Build.0 = Debug|Any CPU
		{D47F9942-2BE7-4E27-8549-1233DEB5645F}.Release|Any CPU.ActiveCfg = Release|Any CPU
		{D47F9942-2BE7-4E27-8549-1233DEB5645F}.Release|Any CPU.Build.0 = Release|Any CPU
		{6F248F0F-F2C4-4D30-836D-27B0FB2CEF81}.Debug|Any CPU.ActiveCfg = Debug|Any CPU
		{6F248F0F-F2C4-4D30-836D-27B0FB2CEF81}.Debug|Any CPU.Build.0 = Debug|Any CPU
		{6F248F0F-F2C4-4D30-836D-27B0FB2CEF81}.Release|Any CPU.ActiveCfg = Release|Any CPU
		{6F248F0F-F2C4-4D30-836D-27B0FB2CEF81}.Release|Any CPU.Build.0 = Release|Any CPU
	EndGlobalSection
EndGlobal
